// !$*UTF8*$!
{
	archiveVersion = 1;
	classes = {
	};
	objectVersion = 55;
	objects = {

/* Begin PBXBuildFile section */
		2432113F279B3FB2003B4701 /* archivereader.cpp in Sources */ = {isa = PBXBuildFile; fileRef = 2432113D279B3FB2003B4701 /* archivereader.cpp */; };
		244838562798E996002276F5 /* main.cpp in Sources */ = {isa = PBXBuildFile; fileRef = 24FD83A2274CFA5F00212AE7 /* main.cpp */; };
		24BF103527A55F3600B7F13D /* window.cpp in Sources */ = {isa = PBXBuildFile; fileRef = 24BF103327A55F3600B7F13D /* window.cpp */; };
		24C345F927A495C6001D85C3 /* libunarr.1.0.0.dylib in Frameworks */ = {isa = PBXBuildFile; fileRef = 24C345F727A493CA001D85C3 /* libunarr.1.0.0.dylib */; };
		24C345FA27A495C6001D85C3 /* libunarr.1.0.0.dylib in Frameworks */ = {isa = PBXBuildFile; fileRef = 24C345F727A493CA001D85C3 /* libunarr.1.0.0.dylib */; };
		24C345FB27A495C6001D85C3 /* libunarr.1.0.0.dylib in Frameworks */ = {isa = PBXBuildFile; fileRef = 24C345F727A493CA001D85C3 /* libunarr.1.0.0.dylib */; };
		24C3460227A497A8001D85C3 /* libzstd.1.5.1.dylib in Frameworks */ = {isa = PBXBuildFile; fileRef = 24C345FC27A497A8001D85C3 /* libzstd.1.5.1.dylib */; };
		24C3460327A497A8001D85C3 /* libzimg.2.dylib in Frameworks */ = {isa = PBXBuildFile; fileRef = 24C345FD27A497A8001D85C3 /* libzimg.2.dylib */; };
		24C3460427A497A8001D85C3 /* libzmq.a in Frameworks */ = {isa = PBXBuildFile; fileRef = 24C345FE27A497A8001D85C3 /* libzmq.a */; };
		24C3460527A497A8001D85C3 /* libzimg.a in Frameworks */ = {isa = PBXBuildFile; fileRef = 24C345FF27A497A8001D85C3 /* libzimg.a */; };
		24C3460627A497A8001D85C3 /* libzstd.a in Frameworks */ = {isa = PBXBuildFile; fileRef = 24C3460027A497A8001D85C3 /* libzstd.a */; };
		24C3460727A497A8001D85C3 /* libzmq.5.dylib in Frameworks */ = {isa = PBXBuildFile; fileRef = 24C3460127A497A8001D85C3 /* libzmq.5.dylib */; };
		24C3460C27A49ED8001D85C3 /* liblz4.a in Frameworks */ = {isa = PBXBuildFile; fileRef = 24C3460827A49ED8001D85C3 /* liblz4.a */; };
		24C3460D27A49ED8001D85C3 /* liblzma.a in Frameworks */ = {isa = PBXBuildFile; fileRef = 24C3460927A49ED8001D85C3 /* liblzma.a */; };
		24C3460E27A49ED8001D85C3 /* liblz4.1.9.3.dylib in Frameworks */ = {isa = PBXBuildFile; fileRef = 24C3460A27A49ED8001D85C3 /* liblz4.1.9.3.dylib */; };
		24C3460F27A49ED8001D85C3 /* liblzma.5.dylib in Frameworks */ = {isa = PBXBuildFile; fileRef = 24C3460B27A49ED8001D85C3 /* liblzma.5.dylib */; };
		24C4B8102799158D0057FE8A /* display.cpp in Sources */ = {isa = PBXBuildFile; fileRef = 24C4B80E2799158D0057FE8A /* display.cpp */; };
		24F90A80279B7557004F2458 /* libopencv_photo.4.5.4.dylib in Frameworks */ = {isa = PBXBuildFile; fileRef = 24F90A48279B7555004F2458 /* libopencv_photo.4.5.4.dylib */; };
		24F90A81279B7557004F2458 /* libopencv_calib3d.4.5.4.dylib in Frameworks */ = {isa = PBXBuildFile; fileRef = 24F90A49279B7555004F2458 /* libopencv_calib3d.4.5.4.dylib */; };
		24F90A82279B7557004F2458 /* libopencv_videostab.4.5.4.dylib in Frameworks */ = {isa = PBXBuildFile; fileRef = 24F90A4A279B7555004F2458 /* libopencv_videostab.4.5.4.dylib */; };
		24F90A83279B7557004F2458 /* libopencv_xfeatures2d.4.5.4.dylib in Frameworks */ = {isa = PBXBuildFile; fileRef = 24F90A4B279B7555004F2458 /* libopencv_xfeatures2d.4.5.4.dylib */; };
		24F90A84279B7557004F2458 /* libopencv_video.4.5.4.dylib in Frameworks */ = {isa = PBXBuildFile; fileRef = 24F90A4C279B7555004F2458 /* libopencv_video.4.5.4.dylib */; };
		24F90A85279B7557004F2458 /* libopencv_barcode.4.5.4.dylib in Frameworks */ = {isa = PBXBuildFile; fileRef = 24F90A4D279B7555004F2458 /* libopencv_barcode.4.5.4.dylib */; };
		24F90A86279B7557004F2458 /* libopencv_flann.4.5.4.dylib in Frameworks */ = {isa = PBXBuildFile; fileRef = 24F90A4E279B7555004F2458 /* libopencv_flann.4.5.4.dylib */; };
		24F90A87279B7557004F2458 /* libopencv_freetype.4.5.4.dylib in Frameworks */ = {isa = PBXBuildFile; fileRef = 24F90A4F279B7555004F2458 /* libopencv_freetype.4.5.4.dylib */; };
		24F90A88279B7557004F2458 /* libopencv_rapid.4.5.4.dylib in Frameworks */ = {isa = PBXBuildFile; fileRef = 24F90A50279B7555004F2458 /* libopencv_rapid.4.5.4.dylib */; };
		24F90A89279B7557004F2458 /* libopencv_sfm.4.5.4.dylib in Frameworks */ = {isa = PBXBuildFile; fileRef = 24F90A51279B7555004F2458 /* libopencv_sfm.4.5.4.dylib */; };
		24F90A8A279B7557004F2458 /* libopencv_shape.4.5.4.dylib in Frameworks */ = {isa = PBXBuildFile; fileRef = 24F90A52279B7555004F2458 /* libopencv_shape.4.5.4.dylib */; };
		24F90A8B279B7557004F2458 /* libopencv_intensity_transform.4.5.4.dylib in Frameworks */ = {isa = PBXBuildFile; fileRef = 24F90A53279B7555004F2458 /* libopencv_intensity_transform.4.5.4.dylib */; };
		24F90A8C279B7557004F2458 /* libopencv_highgui.4.5.4.dylib in Frameworks */ = {isa = PBXBuildFile; fileRef = 24F90A54279B7555004F2458 /* libopencv_highgui.4.5.4.dylib */; };
		24F90A8D279B7557004F2458 /* libopencv_saliency.4.5.4.dylib in Frameworks */ = {isa = PBXBuildFile; fileRef = 24F90A55279B7555004F2458 /* libopencv_saliency.4.5.4.dylib */; };
		24F90A8E279B7557004F2458 /* libopencv_dnn_objdetect.4.5.4.dylib in Frameworks */ = {isa = PBXBuildFile; fileRef = 24F90A56279B7555004F2458 /* libopencv_dnn_objdetect.4.5.4.dylib */; };
		24F90A8F279B7557004F2458 /* libopencv_ccalib.4.5.4.dylib in Frameworks */ = {isa = PBXBuildFile; fileRef = 24F90A57279B7555004F2458 /* libopencv_ccalib.4.5.4.dylib */; };
		24F90A90279B7557004F2458 /* libopencv_imgcodecs.4.5.4.dylib in Frameworks */ = {isa = PBXBuildFile; fileRef = 24F90A58279B7555004F2458 /* libopencv_imgcodecs.4.5.4.dylib */; };
		24F90A91279B7557004F2458 /* libopencv_xphoto.4.5.4.dylib in Frameworks */ = {isa = PBXBuildFile; fileRef = 24F90A59279B7556004F2458 /* libopencv_xphoto.4.5.4.dylib */; };
		24F90A92279B7557004F2458 /* libopencv_optflow.4.5.4.dylib in Frameworks */ = {isa = PBXBuildFile; fileRef = 24F90A5A279B7556004F2458 /* libopencv_optflow.4.5.4.dylib */; };
		24F90A93279B7557004F2458 /* libopencv_videoio.4.5.4.dylib in Frameworks */ = {isa = PBXBuildFile; fileRef = 24F90A5B279B7556004F2458 /* libopencv_videoio.4.5.4.dylib */; };
		24F90A94279B7557004F2458 /* libopencv_ximgproc.4.5.4.dylib in Frameworks */ = {isa = PBXBuildFile; fileRef = 24F90A5C279B7556004F2458 /* libopencv_ximgproc.4.5.4.dylib */; };
		24F90A95279B7557004F2458 /* libopencv_reg.4.5.4.dylib in Frameworks */ = {isa = PBXBuildFile; fileRef = 24F90A5D279B7556004F2458 /* libopencv_reg.4.5.4.dylib */; };
		24F90A96279B7557004F2458 /* libopencv_imgproc.4.5.4.dylib in Frameworks */ = {isa = PBXBuildFile; fileRef = 24F90A5E279B7556004F2458 /* libopencv_imgproc.4.5.4.dylib */; };
		24F90A97279B7557004F2458 /* libopencv_quality.4.5.4.dylib in Frameworks */ = {isa = PBXBuildFile; fileRef = 24F90A5F279B7556004F2458 /* libopencv_quality.4.5.4.dylib */; };
		24F90A98279B7557004F2458 /* libopencv_phase_unwrapping.4.5.4.dylib in Frameworks */ = {isa = PBXBuildFile; fileRef = 24F90A60279B7556004F2458 /* libopencv_phase_unwrapping.4.5.4.dylib */; };
		24F90A99279B7557004F2458 /* libopencv_fuzzy.4.5.4.dylib in Frameworks */ = {isa = PBXBuildFile; fileRef = 24F90A61279B7556004F2458 /* libopencv_fuzzy.4.5.4.dylib */; };
		24F90A9A279B7557004F2458 /* libopencv_features2d.4.5.4.dylib in Frameworks */ = {isa = PBXBuildFile; fileRef = 24F90A62279B7556004F2458 /* libopencv_features2d.4.5.4.dylib */; };
		24F90A9B279B7557004F2458 /* libopencv_core.4.5.4.dylib in Frameworks */ = {isa = PBXBuildFile; fileRef = 24F90A63279B7556004F2458 /* libopencv_core.4.5.4.dylib */; };
		24F90A9C279B7557004F2458 /* libopencv_bgsegm.4.5.4.dylib in Frameworks */ = {isa = PBXBuildFile; fileRef = 24F90A64279B7556004F2458 /* libopencv_bgsegm.4.5.4.dylib */; };
		24F90A9D279B7557004F2458 /* libopencv_plot.4.5.4.dylib in Frameworks */ = {isa = PBXBuildFile; fileRef = 24F90A65279B7556004F2458 /* libopencv_plot.4.5.4.dylib */; };
		24F90A9E279B7557004F2458 /* libopencv_rgbd.4.5.4.dylib in Frameworks */ = {isa = PBXBuildFile; fileRef = 24F90A66279B7556004F2458 /* libopencv_rgbd.4.5.4.dylib */; };
		24F90A9F279B7557004F2458 /* libopencv_hfs.4.5.4.dylib in Frameworks */ = {isa = PBXBuildFile; fileRef = 24F90A67279B7556004F2458 /* libopencv_hfs.4.5.4.dylib */; };
		24F90AA0279B7557004F2458 /* libopencv_xobjdetect.4.5.4.dylib in Frameworks */ = {isa = PBXBuildFile; fileRef = 24F90A68279B7556004F2458 /* libopencv_xobjdetect.4.5.4.dylib */; };
		24F90AA1279B7557004F2458 /* libopencv_stitching.4.5.4.dylib in Frameworks */ = {isa = PBXBuildFile; fileRef = 24F90A69279B7556004F2458 /* libopencv_stitching.4.5.4.dylib */; };
		24F90AA2279B7557004F2458 /* libopencv_dnn_superres.4.5.4.dylib in Frameworks */ = {isa = PBXBuildFile; fileRef = 24F90A6A279B7556004F2458 /* libopencv_dnn_superres.4.5.4.dylib */; };
		24F90AA3279B7557004F2458 /* libopencv_structured_light.4.5.4.dylib in Frameworks */ = {isa = PBXBuildFile; fileRef = 24F90A6B279B7556004F2458 /* libopencv_structured_light.4.5.4.dylib */; };
		24F90AA4279B7557004F2458 /* libopencv_datasets.4.5.4.dylib in Frameworks */ = {isa = PBXBuildFile; fileRef = 24F90A6C279B7556004F2458 /* libopencv_datasets.4.5.4.dylib */; };
		24F90AA5279B7557004F2458 /* libopencv_wechat_qrcode.4.5.4.dylib in Frameworks */ = {isa = PBXBuildFile; fileRef = 24F90A6D279B7556004F2458 /* libopencv_wechat_qrcode.4.5.4.dylib */; };
		24F90AA6279B7557004F2458 /* libopencv_bioinspired.4.5.4.dylib in Frameworks */ = {isa = PBXBuildFile; fileRef = 24F90A6E279B7556004F2458 /* libopencv_bioinspired.4.5.4.dylib */; };
		24F90AA7279B7557004F2458 /* libopencv_superres.4.5.4.dylib in Frameworks */ = {isa = PBXBuildFile; fileRef = 24F90A6F279B7556004F2458 /* libopencv_superres.4.5.4.dylib */; };
		24F90AA8279B7557004F2458 /* libopencv_face.4.5.4.dylib in Frameworks */ = {isa = PBXBuildFile; fileRef = 24F90A70279B7556004F2458 /* libopencv_face.4.5.4.dylib */; };
		24F90AA9279B7557004F2458 /* libopencv_text.4.5.4.dylib in Frameworks */ = {isa = PBXBuildFile; fileRef = 24F90A71279B7556004F2458 /* libopencv_text.4.5.4.dylib */; };
		24F90AAA279B7557004F2458 /* libopencv_objdetect.4.5.4.dylib in Frameworks */ = {isa = PBXBuildFile; fileRef = 24F90A72279B7557004F2458 /* libopencv_objdetect.4.5.4.dylib */; };
		24F90AAB279B7557004F2458 /* libopencv_mcc.4.5.4.dylib in Frameworks */ = {isa = PBXBuildFile; fileRef = 24F90A73279B7557004F2458 /* libopencv_mcc.4.5.4.dylib */; };
		24F90AAC279B7557004F2458 /* libopencv_alphamat.4.5.4.dylib in Frameworks */ = {isa = PBXBuildFile; fileRef = 24F90A74279B7557004F2458 /* libopencv_alphamat.4.5.4.dylib */; };
		24F90AAD279B7557004F2458 /* libopencv_ml.4.5.4.dylib in Frameworks */ = {isa = PBXBuildFile; fileRef = 24F90A75279B7557004F2458 /* libopencv_ml.4.5.4.dylib */; };
		24F90AAE279B7557004F2458 /* libopencv_dpm.4.5.4.dylib in Frameworks */ = {isa = PBXBuildFile; fileRef = 24F90A76279B7557004F2458 /* libopencv_dpm.4.5.4.dylib */; };
		24F90AAF279B7557004F2458 /* libopencv_surface_matching.4.5.4.dylib in Frameworks */ = {isa = PBXBuildFile; fileRef = 24F90A77279B7557004F2458 /* libopencv_surface_matching.4.5.4.dylib */; };
		24F90AB0279B7557004F2458 /* libopencv_gapi.4.5.4.dylib in Frameworks */ = {isa = PBXBuildFile; fileRef = 24F90A78279B7557004F2458 /* libopencv_gapi.4.5.4.dylib */; };
		24F90AB1279B7557004F2458 /* libopencv_img_hash.4.5.4.dylib in Frameworks */ = {isa = PBXBuildFile; fileRef = 24F90A79279B7557004F2458 /* libopencv_img_hash.4.5.4.dylib */; };
		24F90AB2279B7557004F2458 /* libopencv_aruco.4.5.4.dylib in Frameworks */ = {isa = PBXBuildFile; fileRef = 24F90A7A279B7557004F2458 /* libopencv_aruco.4.5.4.dylib */; };
		24F90AB3279B7557004F2458 /* libopencv_tracking.4.5.4.dylib in Frameworks */ = {isa = PBXBuildFile; fileRef = 24F90A7B279B7557004F2458 /* libopencv_tracking.4.5.4.dylib */; };
		24F90AB4279B7557004F2458 /* libopencv_line_descriptor.4.5.4.dylib in Frameworks */ = {isa = PBXBuildFile; fileRef = 24F90A7C279B7557004F2458 /* libopencv_line_descriptor.4.5.4.dylib */; };
		24F90AB5279B7557004F2458 /* libopencv_stereo.4.5.4.dylib in Frameworks */ = {isa = PBXBuildFile; fileRef = 24F90A7D279B7557004F2458 /* libopencv_stereo.4.5.4.dylib */; };
		24F90AB6279B7557004F2458 /* libopencv_viz.4.5.4.dylib in Frameworks */ = {isa = PBXBuildFile; fileRef = 24F90A7E279B7557004F2458 /* libopencv_viz.4.5.4.dylib */; };
		24F90AB7279B7557004F2458 /* libopencv_dnn.4.5.4.dylib in Frameworks */ = {isa = PBXBuildFile; fileRef = 24F90A7F279B7557004F2458 /* libopencv_dnn.4.5.4.dylib */; };
		24FD83A0274CFA5F00212AE7 /* ResourcePath.mm in Sources */ = {isa = PBXBuildFile; fileRef = 24FD839F274CFA5F00212AE7 /* ResourcePath.mm */; };
/* End PBXBuildFile section */

/* Begin PBXFileReference section */
		24321139279B1449003B4701 /* libunarr.a */ = {isa = PBXFileReference; lastKnownFileType = archive.ar; name = libunarr.a; path = unarrlib/libunarr.a; sourceTree = "<group>"; };
		2432113B279B146C003B4701 /* unarrlib.lib */ = {isa = PBXFileReference; lastKnownFileType = archive.ar; name = unarrlib.lib; path = unarrlib/unarrlib.lib; sourceTree = "<group>"; };
		2432113D279B3FB2003B4701 /* archivereader.cpp */ = {isa = PBXFileReference; lastKnownFileType = sourcecode.cpp.cpp; path = archivereader.cpp; sourceTree = "<group>"; };
		2432113E279B3FB2003B4701 /* archivereader.hpp */ = {isa = PBXFileReference; lastKnownFileType = sourcecode.cpp.h; path = archivereader.hpp; sourceTree = "<group>"; };
		24321140279B625F003B4701 /* opencv_core331.lib */ = {isa = PBXFileReference; lastKnownFileType = archive.ar; name = opencv_core331.lib; path = 3dparts/lib/opencv/opencv_core331.lib; sourceTree = "<group>"; };
		24321141279B625F003B4701 /* opencv_imgcodecs331.lib */ = {isa = PBXFileReference; lastKnownFileType = archive.ar; name = opencv_imgcodecs331.lib; path = 3dparts/lib/opencv/opencv_imgcodecs331.lib; sourceTree = "<group>"; };
		24321142279B625F003B4701 /* opencv_imgproc331.lib */ = {isa = PBXFileReference; lastKnownFileType = archive.ar; name = opencv_imgproc331.lib; path = 3dparts/lib/opencv/opencv_imgproc331.lib; sourceTree = "<group>"; };
		24321146279B66CC003B4701 /* opencv2.framework */ = {isa = PBXFileReference; lastKnownFileType = wrapper.framework; name = opencv2.framework; path = opencv/opencv2.framework; sourceTree = "<group>"; };
		24321148279B69CF003B4701 /* opencv2.framework */ = {isa = PBXFileReference; lastKnownFileType = file; name = opencv2.framework; path = opencv/lib/opencv2.framework; sourceTree = "<group>"; };
		2432114A279B6B72003B4701 /* libopencv_alphamat.4.5.4.dylib */ = {isa = PBXFileReference; lastKnownFileType = "compiled.mach-o.dylib"; name = libopencv_alphamat.4.5.4.dylib; path = opencv/lib/libopencv_alphamat.4.5.4.dylib; sourceTree = "<group>"; };
		2432114C279B6B9D003B4701 /* lib */ = {isa = PBXFileReference; lastKnownFileType = folder; name = lib; path = opencv/lib; sourceTree = "<group>"; };
		2448384C2798D4A1002276F5 /* libsfml-audio.2.5.1.dylib */ = {isa = PBXFileReference; lastKnownFileType = "compiled.mach-o.dylib"; name = "libsfml-audio.2.5.1.dylib"; path = "ExternalLibraries/SFML/lib/libsfml-audio.2.5.1.dylib"; sourceTree = "<group>"; };
		2448384D2798D4A1002276F5 /* libsfml-network.2.5.1.dylib */ = {isa = PBXFileReference; lastKnownFileType = "compiled.mach-o.dylib"; name = "libsfml-network.2.5.1.dylib"; path = "ExternalLibraries/SFML/lib/libsfml-network.2.5.1.dylib"; sourceTree = "<group>"; };
		2448384E2798D4A1002276F5 /* libsfml-system.2.5.1.dylib */ = {isa = PBXFileReference; lastKnownFileType = "compiled.mach-o.dylib"; name = "libsfml-system.2.5.1.dylib"; path = "ExternalLibraries/SFML/lib/libsfml-system.2.5.1.dylib"; sourceTree = "<group>"; };
		2448384F2798D4A1002276F5 /* libsfml-graphics.2.5.1.dylib */ = {isa = PBXFileReference; lastKnownFileType = "compiled.mach-o.dylib"; name = "libsfml-graphics.2.5.1.dylib"; path = "ExternalLibraries/SFML/lib/libsfml-graphics.2.5.1.dylib"; sourceTree = "<group>"; };
		244838502798D4A1002276F5 /* libsfml-window.2.5.1.dylib */ = {isa = PBXFileReference; lastKnownFileType = "compiled.mach-o.dylib"; name = "libsfml-window.2.5.1.dylib"; path = "ExternalLibraries/SFML/lib/libsfml-window.2.5.1.dylib"; sourceTree = "<group>"; };
		246904DB27AF2D50002D0C83 /* Resources */ = {isa = PBXFileReference; lastKnownFileType = folder; name = Resources; path = ComicBookReader/Resources; sourceTree = "<group>"; };
		24AC434227995A3300D2D09A /* libunarr.a */ = {isa = PBXFileReference; lastKnownFileType = archive.ar; name = libunarr.a; path = 3dparts/lib/unarrlib/libunarr.a; sourceTree = "<group>"; };
		24BF103327A55F3600B7F13D /* window.cpp */ = {isa = PBXFileReference; lastKnownFileType = sourcecode.cpp.cpp; path = window.cpp; sourceTree = "<group>"; };
		24BF103427A55F3600B7F13D /* window.hpp */ = {isa = PBXFileReference; lastKnownFileType = sourcecode.cpp.h; path = window.hpp; sourceTree = "<group>"; };
		24C345F327A4880C001D85C3 /* libunarr.a */ = {isa = PBXFileReference; lastKnownFileType = archive.ar; name = libunarr.a; path = ../unarr/build/debug/libunarr.a; sourceTree = "<group>"; };
		24C345F527A492C5001D85C3 /* libunarr.1.0.0.dylib */ = {isa = PBXFileReference; lastKnownFileType = "compiled.mach-o.dylib"; name = libunarr.1.0.0.dylib; path = "../unarr-deb-master/build/libunarr.1.0.0.dylib"; sourceTree = "<group>"; };
		24C345F727A493CA001D85C3 /* libunarr.1.0.0.dylib */ = {isa = PBXFileReference; lastKnownFileType = "compiled.mach-o.dylib"; name = libunarr.1.0.0.dylib; path = ../../../../usr/local/lib/libunarr.1.0.0.dylib; sourceTree = "<group>"; };
		24C345FC27A497A8001D85C3 /* libzstd.1.5.1.dylib */ = {isa = PBXFileReference; lastKnownFileType = "compiled.mach-o.dylib"; name = libzstd.1.5.1.dylib; path = ../../../../usr/local/Cellar/zstd/1.5.1/lib/libzstd.1.5.1.dylib; sourceTree = "<group>"; };
		24C345FD27A497A8001D85C3 /* libzimg.2.dylib */ = {isa = PBXFileReference; lastKnownFileType = "compiled.mach-o.dylib"; name = libzimg.2.dylib; path = ../../../../usr/local/Cellar/zimg/3.0.3/lib/libzimg.2.dylib; sourceTree = "<group>"; };
		24C345FE27A497A8001D85C3 /* libzmq.a */ = {isa = PBXFileReference; lastKnownFileType = archive.ar; name = libzmq.a; path = ../../../../usr/local/Cellar/zeromq/4.3.4/lib/libzmq.a; sourceTree = "<group>"; };
		24C345FF27A497A8001D85C3 /* libzimg.a */ = {isa = PBXFileReference; lastKnownFileType = archive.ar; name = libzimg.a; path = ../../../../usr/local/Cellar/zimg/3.0.3/lib/libzimg.a; sourceTree = "<group>"; };
		24C3460027A497A8001D85C3 /* libzstd.a */ = {isa = PBXFileReference; lastKnownFileType = archive.ar; name = libzstd.a; path = ../../../../usr/local/Cellar/zstd/1.5.1/lib/libzstd.a; sourceTree = "<group>"; };
		24C3460127A497A8001D85C3 /* libzmq.5.dylib */ = {isa = PBXFileReference; lastKnownFileType = "compiled.mach-o.dylib"; name = libzmq.5.dylib; path = ../../../../usr/local/Cellar/zeromq/4.3.4/lib/libzmq.5.dylib; sourceTree = "<group>"; };
		24C3460827A49ED8001D85C3 /* liblz4.a */ = {isa = PBXFileReference; lastKnownFileType = archive.ar; name = liblz4.a; path = ../../../../usr/local/Cellar/lz4/1.9.3/lib/liblz4.a; sourceTree = "<group>"; };
		24C3460927A49ED8001D85C3 /* liblzma.a */ = {isa = PBXFileReference; lastKnownFileType = archive.ar; name = liblzma.a; path = ../../../../usr/local/Cellar/xz/5.2.5/lib/liblzma.a; sourceTree = "<group>"; };
		24C3460A27A49ED8001D85C3 /* liblz4.1.9.3.dylib */ = {isa = PBXFileReference; lastKnownFileType = "compiled.mach-o.dylib"; name = liblz4.1.9.3.dylib; path = ../../../../usr/local/Cellar/lz4/1.9.3/lib/liblz4.1.9.3.dylib; sourceTree = "<group>"; };
		24C3460B27A49ED8001D85C3 /* liblzma.5.dylib */ = {isa = PBXFileReference; lastKnownFileType = "compiled.mach-o.dylib"; name = liblzma.5.dylib; path = ../../../../usr/local/Cellar/xz/5.2.5/lib/liblzma.5.dylib; sourceTree = "<group>"; };
		24C4B80E2799158D0057FE8A /* display.cpp */ = {isa = PBXFileReference; lastKnownFileType = sourcecode.cpp.cpp; name = display.cpp; path = ComicBookReader/display.cpp; sourceTree = "<group>"; };
		24C4B80F2799158D0057FE8A /* display.hpp */ = {isa = PBXFileReference; lastKnownFileType = sourcecode.cpp.h; name = display.hpp; path = ComicBookReader/display.hpp; sourceTree = "<group>"; };
		24F90A0E279B7202004F2458 /* lib */ = {isa = PBXFileReference; lastKnownFileType = folder; name = lib; path = ../../../../usr/local/Cellar/opencv/4.5.4_3/lib; sourceTree = "<group>"; };
		24F90A48279B7555004F2458 /* libopencv_photo.4.5.4.dylib */ = {isa = PBXFileReference; lastKnownFileType = "compiled.mach-o.dylib"; name = libopencv_photo.4.5.4.dylib; path = ExternalLibraries/opencv/lib/libopencv_photo.4.5.4.dylib; sourceTree = "<group>"; };
		24F90A49279B7555004F2458 /* libopencv_calib3d.4.5.4.dylib */ = {isa = PBXFileReference; lastKnownFileType = "compiled.mach-o.dylib"; name = libopencv_calib3d.4.5.4.dylib; path = ExternalLibraries/opencv/lib/libopencv_calib3d.4.5.4.dylib; sourceTree = "<group>"; };
		24F90A4A279B7555004F2458 /* libopencv_videostab.4.5.4.dylib */ = {isa = PBXFileReference; lastKnownFileType = "compiled.mach-o.dylib"; name = libopencv_videostab.4.5.4.dylib; path = ExternalLibraries/opencv/lib/libopencv_videostab.4.5.4.dylib; sourceTree = "<group>"; };
		24F90A4B279B7555004F2458 /* libopencv_xfeatures2d.4.5.4.dylib */ = {isa = PBXFileReference; lastKnownFileType = "compiled.mach-o.dylib"; name = libopencv_xfeatures2d.4.5.4.dylib; path = ExternalLibraries/opencv/lib/libopencv_xfeatures2d.4.5.4.dylib; sourceTree = "<group>"; };
		24F90A4C279B7555004F2458 /* libopencv_video.4.5.4.dylib */ = {isa = PBXFileReference; lastKnownFileType = "compiled.mach-o.dylib"; name = libopencv_video.4.5.4.dylib; path = ExternalLibraries/opencv/lib/libopencv_video.4.5.4.dylib; sourceTree = "<group>"; };
		24F90A4D279B7555004F2458 /* libopencv_barcode.4.5.4.dylib */ = {isa = PBXFileReference; lastKnownFileType = "compiled.mach-o.dylib"; name = libopencv_barcode.4.5.4.dylib; path = ExternalLibraries/opencv/lib/libopencv_barcode.4.5.4.dylib; sourceTree = "<group>"; };
		24F90A4E279B7555004F2458 /* libopencv_flann.4.5.4.dylib */ = {isa = PBXFileReference; lastKnownFileType = "compiled.mach-o.dylib"; name = libopencv_flann.4.5.4.dylib; path = ExternalLibraries/opencv/lib/libopencv_flann.4.5.4.dylib; sourceTree = "<group>"; };
		24F90A4F279B7555004F2458 /* libopencv_freetype.4.5.4.dylib */ = {isa = PBXFileReference; lastKnownFileType = "compiled.mach-o.dylib"; name = libopencv_freetype.4.5.4.dylib; path = ExternalLibraries/opencv/lib/libopencv_freetype.4.5.4.dylib; sourceTree = "<group>"; };
		24F90A50279B7555004F2458 /* libopencv_rapid.4.5.4.dylib */ = {isa = PBXFileReference; lastKnownFileType = "compiled.mach-o.dylib"; name = libopencv_rapid.4.5.4.dylib; path = ExternalLibraries/opencv/lib/libopencv_rapid.4.5.4.dylib; sourceTree = "<group>"; };
		24F90A51279B7555004F2458 /* libopencv_sfm.4.5.4.dylib */ = {isa = PBXFileReference; lastKnownFileType = "compiled.mach-o.dylib"; name = libopencv_sfm.4.5.4.dylib; path = ExternalLibraries/opencv/lib/libopencv_sfm.4.5.4.dylib; sourceTree = "<group>"; };
		24F90A52279B7555004F2458 /* libopencv_shape.4.5.4.dylib */ = {isa = PBXFileReference; lastKnownFileType = "compiled.mach-o.dylib"; name = libopencv_shape.4.5.4.dylib; path = ExternalLibraries/opencv/lib/libopencv_shape.4.5.4.dylib; sourceTree = "<group>"; };
		24F90A53279B7555004F2458 /* libopencv_intensity_transform.4.5.4.dylib */ = {isa = PBXFileReference; lastKnownFileType = "compiled.mach-o.dylib"; name = libopencv_intensity_transform.4.5.4.dylib; path = ExternalLibraries/opencv/lib/libopencv_intensity_transform.4.5.4.dylib; sourceTree = "<group>"; };
		24F90A54279B7555004F2458 /* libopencv_highgui.4.5.4.dylib */ = {isa = PBXFileReference; lastKnownFileType = "compiled.mach-o.dylib"; name = libopencv_highgui.4.5.4.dylib; path = ExternalLibraries/opencv/lib/libopencv_highgui.4.5.4.dylib; sourceTree = "<group>"; };
		24F90A55279B7555004F2458 /* libopencv_saliency.4.5.4.dylib */ = {isa = PBXFileReference; lastKnownFileType = "compiled.mach-o.dylib"; name = libopencv_saliency.4.5.4.dylib; path = ExternalLibraries/opencv/lib/libopencv_saliency.4.5.4.dylib; sourceTree = "<group>"; };
		24F90A56279B7555004F2458 /* libopencv_dnn_objdetect.4.5.4.dylib */ = {isa = PBXFileReference; lastKnownFileType = "compiled.mach-o.dylib"; name = libopencv_dnn_objdetect.4.5.4.dylib; path = ExternalLibraries/opencv/lib/libopencv_dnn_objdetect.4.5.4.dylib; sourceTree = "<group>"; };
		24F90A57279B7555004F2458 /* libopencv_ccalib.4.5.4.dylib */ = {isa = PBXFileReference; lastKnownFileType = "compiled.mach-o.dylib"; name = libopencv_ccalib.4.5.4.dylib; path = ExternalLibraries/opencv/lib/libopencv_ccalib.4.5.4.dylib; sourceTree = "<group>"; };
		24F90A58279B7555004F2458 /* libopencv_imgcodecs.4.5.4.dylib */ = {isa = PBXFileReference; lastKnownFileType = "compiled.mach-o.dylib"; name = libopencv_imgcodecs.4.5.4.dylib; path = ExternalLibraries/opencv/lib/libopencv_imgcodecs.4.5.4.dylib; sourceTree = "<group>"; };
		24F90A59279B7556004F2458 /* libopencv_xphoto.4.5.4.dylib */ = {isa = PBXFileReference; lastKnownFileType = "compiled.mach-o.dylib"; name = libopencv_xphoto.4.5.4.dylib; path = ExternalLibraries/opencv/lib/libopencv_xphoto.4.5.4.dylib; sourceTree = "<group>"; };
		24F90A5A279B7556004F2458 /* libopencv_optflow.4.5.4.dylib */ = {isa = PBXFileReference; lastKnownFileType = "compiled.mach-o.dylib"; name = libopencv_optflow.4.5.4.dylib; path = ExternalLibraries/opencv/lib/libopencv_optflow.4.5.4.dylib; sourceTree = "<group>"; };
		24F90A5B279B7556004F2458 /* libopencv_videoio.4.5.4.dylib */ = {isa = PBXFileReference; lastKnownFileType = "compiled.mach-o.dylib"; name = libopencv_videoio.4.5.4.dylib; path = ExternalLibraries/opencv/lib/libopencv_videoio.4.5.4.dylib; sourceTree = "<group>"; };
		24F90A5C279B7556004F2458 /* libopencv_ximgproc.4.5.4.dylib */ = {isa = PBXFileReference; lastKnownFileType = "compiled.mach-o.dylib"; name = libopencv_ximgproc.4.5.4.dylib; path = ExternalLibraries/opencv/lib/libopencv_ximgproc.4.5.4.dylib; sourceTree = "<group>"; };
		24F90A5D279B7556004F2458 /* libopencv_reg.4.5.4.dylib */ = {isa = PBXFileReference; lastKnownFileType = "compiled.mach-o.dylib"; name = libopencv_reg.4.5.4.dylib; path = ExternalLibraries/opencv/lib/libopencv_reg.4.5.4.dylib; sourceTree = "<group>"; };
		24F90A5E279B7556004F2458 /* libopencv_imgproc.4.5.4.dylib */ = {isa = PBXFileReference; lastKnownFileType = "compiled.mach-o.dylib"; name = libopencv_imgproc.4.5.4.dylib; path = ExternalLibraries/opencv/lib/libopencv_imgproc.4.5.4.dylib; sourceTree = "<group>"; };
		24F90A5F279B7556004F2458 /* libopencv_quality.4.5.4.dylib */ = {isa = PBXFileReference; lastKnownFileType = "compiled.mach-o.dylib"; name = libopencv_quality.4.5.4.dylib; path = ExternalLibraries/opencv/lib/libopencv_quality.4.5.4.dylib; sourceTree = "<group>"; };
		24F90A60279B7556004F2458 /* libopencv_phase_unwrapping.4.5.4.dylib */ = {isa = PBXFileReference; lastKnownFileType = "compiled.mach-o.dylib"; name = libopencv_phase_unwrapping.4.5.4.dylib; path = ExternalLibraries/opencv/lib/libopencv_phase_unwrapping.4.5.4.dylib; sourceTree = "<group>"; };
		24F90A61279B7556004F2458 /* libopencv_fuzzy.4.5.4.dylib */ = {isa = PBXFileReference; lastKnownFileType = "compiled.mach-o.dylib"; name = libopencv_fuzzy.4.5.4.dylib; path = ExternalLibraries/opencv/lib/libopencv_fuzzy.4.5.4.dylib; sourceTree = "<group>"; };
		24F90A62279B7556004F2458 /* libopencv_features2d.4.5.4.dylib */ = {isa = PBXFileReference; lastKnownFileType = "compiled.mach-o.dylib"; name = libopencv_features2d.4.5.4.dylib; path = ExternalLibraries/opencv/lib/libopencv_features2d.4.5.4.dylib; sourceTree = "<group>"; };
		24F90A63279B7556004F2458 /* libopencv_core.4.5.4.dylib */ = {isa = PBXFileReference; lastKnownFileType = "compiled.mach-o.dylib"; name = libopencv_core.4.5.4.dylib; path = ExternalLibraries/opencv/lib/libopencv_core.4.5.4.dylib; sourceTree = "<group>"; };
		24F90A64279B7556004F2458 /* libopencv_bgsegm.4.5.4.dylib */ = {isa = PBXFileReference; lastKnownFileType = "compiled.mach-o.dylib"; name = libopencv_bgsegm.4.5.4.dylib; path = ExternalLibraries/opencv/lib/libopencv_bgsegm.4.5.4.dylib; sourceTree = "<group>"; };
		24F90A65279B7556004F2458 /* libopencv_plot.4.5.4.dylib */ = {isa = PBXFileReference; lastKnownFileType = "compiled.mach-o.dylib"; name = libopencv_plot.4.5.4.dylib; path = ExternalLibraries/opencv/lib/libopencv_plot.4.5.4.dylib; sourceTree = "<group>"; };
		24F90A66279B7556004F2458 /* libopencv_rgbd.4.5.4.dylib */ = {isa = PBXFileReference; lastKnownFileType = "compiled.mach-o.dylib"; name = libopencv_rgbd.4.5.4.dylib; path = ExternalLibraries/opencv/lib/libopencv_rgbd.4.5.4.dylib; sourceTree = "<group>"; };
		24F90A67279B7556004F2458 /* libopencv_hfs.4.5.4.dylib */ = {isa = PBXFileReference; lastKnownFileType = "compiled.mach-o.dylib"; name = libopencv_hfs.4.5.4.dylib; path = ExternalLibraries/opencv/lib/libopencv_hfs.4.5.4.dylib; sourceTree = "<group>"; };
		24F90A68279B7556004F2458 /* libopencv_xobjdetect.4.5.4.dylib */ = {isa = PBXFileReference; lastKnownFileType = "compiled.mach-o.dylib"; name = libopencv_xobjdetect.4.5.4.dylib; path = ExternalLibraries/opencv/lib/libopencv_xobjdetect.4.5.4.dylib; sourceTree = "<group>"; };
		24F90A69279B7556004F2458 /* libopencv_stitching.4.5.4.dylib */ = {isa = PBXFileReference; lastKnownFileType = "compiled.mach-o.dylib"; name = libopencv_stitching.4.5.4.dylib; path = ExternalLibraries/opencv/lib/libopencv_stitching.4.5.4.dylib; sourceTree = "<group>"; };
		24F90A6A279B7556004F2458 /* libopencv_dnn_superres.4.5.4.dylib */ = {isa = PBXFileReference; lastKnownFileType = "compiled.mach-o.dylib"; name = libopencv_dnn_superres.4.5.4.dylib; path = ExternalLibraries/opencv/lib/libopencv_dnn_superres.4.5.4.dylib; sourceTree = "<group>"; };
		24F90A6B279B7556004F2458 /* libopencv_structured_light.4.5.4.dylib */ = {isa = PBXFileReference; lastKnownFileType = "compiled.mach-o.dylib"; name = libopencv_structured_light.4.5.4.dylib; path = ExternalLibraries/opencv/lib/libopencv_structured_light.4.5.4.dylib; sourceTree = "<group>"; };
		24F90A6C279B7556004F2458 /* libopencv_datasets.4.5.4.dylib */ = {isa = PBXFileReference; lastKnownFileType = "compiled.mach-o.dylib"; name = libopencv_datasets.4.5.4.dylib; path = ExternalLibraries/opencv/lib/libopencv_datasets.4.5.4.dylib; sourceTree = "<group>"; };
		24F90A6D279B7556004F2458 /* libopencv_wechat_qrcode.4.5.4.dylib */ = {isa = PBXFileReference; lastKnownFileType = "compiled.mach-o.dylib"; name = libopencv_wechat_qrcode.4.5.4.dylib; path = ExternalLibraries/opencv/lib/libopencv_wechat_qrcode.4.5.4.dylib; sourceTree = "<group>"; };
		24F90A6E279B7556004F2458 /* libopencv_bioinspired.4.5.4.dylib */ = {isa = PBXFileReference; lastKnownFileType = "compiled.mach-o.dylib"; name = libopencv_bioinspired.4.5.4.dylib; path = ExternalLibraries/opencv/lib/libopencv_bioinspired.4.5.4.dylib; sourceTree = "<group>"; };
		24F90A6F279B7556004F2458 /* libopencv_superres.4.5.4.dylib */ = {isa = PBXFileReference; lastKnownFileType = "compiled.mach-o.dylib"; name = libopencv_superres.4.5.4.dylib; path = ExternalLibraries/opencv/lib/libopencv_superres.4.5.4.dylib; sourceTree = "<group>"; };
		24F90A70279B7556004F2458 /* libopencv_face.4.5.4.dylib */ = {isa = PBXFileReference; lastKnownFileType = "compiled.mach-o.dylib"; name = libopencv_face.4.5.4.dylib; path = ExternalLibraries/opencv/lib/libopencv_face.4.5.4.dylib; sourceTree = "<group>"; };
		24F90A71279B7556004F2458 /* libopencv_text.4.5.4.dylib */ = {isa = PBXFileReference; lastKnownFileType = "compiled.mach-o.dylib"; name = libopencv_text.4.5.4.dylib; path = ExternalLibraries/opencv/lib/libopencv_text.4.5.4.dylib; sourceTree = "<group>"; };
		24F90A72279B7557004F2458 /* libopencv_objdetect.4.5.4.dylib */ = {isa = PBXFileReference; lastKnownFileType = "compiled.mach-o.dylib"; name = libopencv_objdetect.4.5.4.dylib; path = ExternalLibraries/opencv/lib/libopencv_objdetect.4.5.4.dylib; sourceTree = "<group>"; };
		24F90A73279B7557004F2458 /* libopencv_mcc.4.5.4.dylib */ = {isa = PBXFileReference; lastKnownFileType = "compiled.mach-o.dylib"; name = libopencv_mcc.4.5.4.dylib; path = ExternalLibraries/opencv/lib/libopencv_mcc.4.5.4.dylib; sourceTree = "<group>"; };
		24F90A74279B7557004F2458 /* libopencv_alphamat.4.5.4.dylib */ = {isa = PBXFileReference; lastKnownFileType = "compiled.mach-o.dylib"; name = libopencv_alphamat.4.5.4.dylib; path = ExternalLibraries/opencv/lib/libopencv_alphamat.4.5.4.dylib; sourceTree = "<group>"; };
		24F90A75279B7557004F2458 /* libopencv_ml.4.5.4.dylib */ = {isa = PBXFileReference; lastKnownFileType = "compiled.mach-o.dylib"; name = libopencv_ml.4.5.4.dylib; path = ExternalLibraries/opencv/lib/libopencv_ml.4.5.4.dylib; sourceTree = "<group>"; };
		24F90A76279B7557004F2458 /* libopencv_dpm.4.5.4.dylib */ = {isa = PBXFileReference; lastKnownFileType = "compiled.mach-o.dylib"; name = libopencv_dpm.4.5.4.dylib; path = ExternalLibraries/opencv/lib/libopencv_dpm.4.5.4.dylib; sourceTree = "<group>"; };
		24F90A77279B7557004F2458 /* libopencv_surface_matching.4.5.4.dylib */ = {isa = PBXFileReference; lastKnownFileType = "compiled.mach-o.dylib"; name = libopencv_surface_matching.4.5.4.dylib; path = ExternalLibraries/opencv/lib/libopencv_surface_matching.4.5.4.dylib; sourceTree = "<group>"; };
		24F90A78279B7557004F2458 /* libopencv_gapi.4.5.4.dylib */ = {isa = PBXFileReference; lastKnownFileType = "compiled.mach-o.dylib"; name = libopencv_gapi.4.5.4.dylib; path = ExternalLibraries/opencv/lib/libopencv_gapi.4.5.4.dylib; sourceTree = "<group>"; };
		24F90A79279B7557004F2458 /* libopencv_img_hash.4.5.4.dylib */ = {isa = PBXFileReference; lastKnownFileType = "compiled.mach-o.dylib"; name = libopencv_img_hash.4.5.4.dylib; path = ExternalLibraries/opencv/lib/libopencv_img_hash.4.5.4.dylib; sourceTree = "<group>"; };
		24F90A7A279B7557004F2458 /* libopencv_aruco.4.5.4.dylib */ = {isa = PBXFileReference; lastKnownFileType = "compiled.mach-o.dylib"; name = libopencv_aruco.4.5.4.dylib; path = ExternalLibraries/opencv/lib/libopencv_aruco.4.5.4.dylib; sourceTree = "<group>"; };
		24F90A7B279B7557004F2458 /* libopencv_tracking.4.5.4.dylib */ = {isa = PBXFileReference; lastKnownFileType = "compiled.mach-o.dylib"; name = libopencv_tracking.4.5.4.dylib; path = ExternalLibraries/opencv/lib/libopencv_tracking.4.5.4.dylib; sourceTree = "<group>"; };
		24F90A7C279B7557004F2458 /* libopencv_line_descriptor.4.5.4.dylib */ = {isa = PBXFileReference; lastKnownFileType = "compiled.mach-o.dylib"; name = libopencv_line_descriptor.4.5.4.dylib; path = ExternalLibraries/opencv/lib/libopencv_line_descriptor.4.5.4.dylib; sourceTree = "<group>"; };
		24F90A7D279B7557004F2458 /* libopencv_stereo.4.5.4.dylib */ = {isa = PBXFileReference; lastKnownFileType = "compiled.mach-o.dylib"; name = libopencv_stereo.4.5.4.dylib; path = ExternalLibraries/opencv/lib/libopencv_stereo.4.5.4.dylib; sourceTree = "<group>"; };
		24F90A7E279B7557004F2458 /* libopencv_viz.4.5.4.dylib */ = {isa = PBXFileReference; lastKnownFileType = "compiled.mach-o.dylib"; name = libopencv_viz.4.5.4.dylib; path = ExternalLibraries/opencv/lib/libopencv_viz.4.5.4.dylib; sourceTree = "<group>"; };
		24F90A7F279B7557004F2458 /* libopencv_dnn.4.5.4.dylib */ = {isa = PBXFileReference; lastKnownFileType = "compiled.mach-o.dylib"; name = libopencv_dnn.4.5.4.dylib; path = ExternalLibraries/opencv/lib/libopencv_dnn.4.5.4.dylib; sourceTree = "<group>"; };
		24FD839A274CFA5F00212AE7 /* ComicBookReader.app */ = {isa = PBXFileReference; explicitFileType = wrapper.application; includeInIndex = 0; path = ComicBookReader.app; sourceTree = BUILT_PRODUCTS_DIR; };
		24FD839F274CFA5F00212AE7 /* ResourcePath.mm */ = {isa = PBXFileReference; lastKnownFileType = sourcecode.cpp.objcpp; path = ResourcePath.mm; sourceTree = "<group>"; };
		24FD83A1274CFA5F00212AE7 /* ResourcePath.hpp */ = {isa = PBXFileReference; lastKnownFileType = sourcecode.cpp.h; path = ResourcePath.hpp; sourceTree = "<group>"; };
		24FD83A2274CFA5F00212AE7 /* main.cpp */ = {isa = PBXFileReference; lastKnownFileType = sourcecode.cpp.cpp; path = main.cpp; sourceTree = "<group>"; };
/* End PBXFileReference section */

/* Begin PBXFrameworksBuildPhase section */
		24FD8396274CFA5F00212AE7 /* Frameworks */ = {
			isa = PBXFrameworksBuildPhase;
			buildActionMask = 2147483647;
			files = (
				24C3460C27A49ED8001D85C3 /* liblz4.a in Frameworks */,
				24C3460D27A49ED8001D85C3 /* liblzma.a in Frameworks */,
				24C3460E27A49ED8001D85C3 /* liblz4.1.9.3.dylib in Frameworks */,
				24C3460F27A49ED8001D85C3 /* liblzma.5.dylib in Frameworks */,
				24C3460227A497A8001D85C3 /* libzstd.1.5.1.dylib in Frameworks */,
				24C3460327A497A8001D85C3 /* libzimg.2.dylib in Frameworks */,
				24C3460427A497A8001D85C3 /* libzmq.a in Frameworks */,
				24C3460527A497A8001D85C3 /* libzimg.a in Frameworks */,
				24C3460627A497A8001D85C3 /* libzstd.a in Frameworks */,
				24C3460727A497A8001D85C3 /* libzmq.5.dylib in Frameworks */,
				24C345F927A495C6001D85C3 /* libunarr.1.0.0.dylib in Frameworks */,
				24C345FA27A495C6001D85C3 /* libunarr.1.0.0.dylib in Frameworks */,
				24F90A87279B7557004F2458 /* libopencv_freetype.4.5.4.dylib in Frameworks */,
				24C345FB27A495C6001D85C3 /* libunarr.1.0.0.dylib in Frameworks */,
				24F90A80279B7557004F2458 /* libopencv_photo.4.5.4.dylib in Frameworks */,
				24F90A81279B7557004F2458 /* libopencv_calib3d.4.5.4.dylib in Frameworks */,
				24F90A82279B7557004F2458 /* libopencv_videostab.4.5.4.dylib in Frameworks */,
				24F90A83279B7557004F2458 /* libopencv_xfeatures2d.4.5.4.dylib in Frameworks */,
				24F90A84279B7557004F2458 /* libopencv_video.4.5.4.dylib in Frameworks */,
				24F90A85279B7557004F2458 /* libopencv_barcode.4.5.4.dylib in Frameworks */,
				24F90A86279B7557004F2458 /* libopencv_flann.4.5.4.dylib in Frameworks */,
				24F90A88279B7557004F2458 /* libopencv_rapid.4.5.4.dylib in Frameworks */,
				24F90A89279B7557004F2458 /* libopencv_sfm.4.5.4.dylib in Frameworks */,
				24F90A8A279B7557004F2458 /* libopencv_shape.4.5.4.dylib in Frameworks */,
				24F90A8B279B7557004F2458 /* libopencv_intensity_transform.4.5.4.dylib in Frameworks */,
				24F90A8C279B7557004F2458 /* libopencv_highgui.4.5.4.dylib in Frameworks */,
				24F90A8D279B7557004F2458 /* libopencv_saliency.4.5.4.dylib in Frameworks */,
				24F90A8E279B7557004F2458 /* libopencv_dnn_objdetect.4.5.4.dylib in Frameworks */,
				24F90A8F279B7557004F2458 /* libopencv_ccalib.4.5.4.dylib in Frameworks */,
				24F90A90279B7557004F2458 /* libopencv_imgcodecs.4.5.4.dylib in Frameworks */,
				24F90A91279B7557004F2458 /* libopencv_xphoto.4.5.4.dylib in Frameworks */,
				24F90A92279B7557004F2458 /* libopencv_optflow.4.5.4.dylib in Frameworks */,
				24F90A93279B7557004F2458 /* libopencv_videoio.4.5.4.dylib in Frameworks */,
				24F90A94279B7557004F2458 /* libopencv_ximgproc.4.5.4.dylib in Frameworks */,
				24F90A95279B7557004F2458 /* libopencv_reg.4.5.4.dylib in Frameworks */,
				24F90A96279B7557004F2458 /* libopencv_imgproc.4.5.4.dylib in Frameworks */,
				24F90A97279B7557004F2458 /* libopencv_quality.4.5.4.dylib in Frameworks */,
				24F90A98279B7557004F2458 /* libopencv_phase_unwrapping.4.5.4.dylib in Frameworks */,
				24F90A99279B7557004F2458 /* libopencv_fuzzy.4.5.4.dylib in Frameworks */,
				24F90A9A279B7557004F2458 /* libopencv_features2d.4.5.4.dylib in Frameworks */,
				24F90A9B279B7557004F2458 /* libopencv_core.4.5.4.dylib in Frameworks */,
				24F90A9C279B7557004F2458 /* libopencv_bgsegm.4.5.4.dylib in Frameworks */,
				24F90A9D279B7557004F2458 /* libopencv_plot.4.5.4.dylib in Frameworks */,
				24F90A9E279B7557004F2458 /* libopencv_rgbd.4.5.4.dylib in Frameworks */,
				24F90A9F279B7557004F2458 /* libopencv_hfs.4.5.4.dylib in Frameworks */,
				24F90AA0279B7557004F2458 /* libopencv_xobjdetect.4.5.4.dylib in Frameworks */,
				24F90AA1279B7557004F2458 /* libopencv_stitching.4.5.4.dylib in Frameworks */,
				24F90AA2279B7557004F2458 /* libopencv_dnn_superres.4.5.4.dylib in Frameworks */,
				24F90AA3279B7557004F2458 /* libopencv_structured_light.4.5.4.dylib in Frameworks */,
				24F90AA4279B7557004F2458 /* libopencv_datasets.4.5.4.dylib in Frameworks */,
				24F90AA5279B7557004F2458 /* libopencv_wechat_qrcode.4.5.4.dylib in Frameworks */,
				24F90AA6279B7557004F2458 /* libopencv_bioinspired.4.5.4.dylib in Frameworks */,
				24F90AA7279B7557004F2458 /* libopencv_superres.4.5.4.dylib in Frameworks */,
				24F90AA8279B7557004F2458 /* libopencv_face.4.5.4.dylib in Frameworks */,
				24F90AA9279B7557004F2458 /* libopencv_text.4.5.4.dylib in Frameworks */,
				24F90AAA279B7557004F2458 /* libopencv_objdetect.4.5.4.dylib in Frameworks */,
				24F90AAB279B7557004F2458 /* libopencv_mcc.4.5.4.dylib in Frameworks */,
				24F90AAC279B7557004F2458 /* libopencv_alphamat.4.5.4.dylib in Frameworks */,
				24F90AAD279B7557004F2458 /* libopencv_ml.4.5.4.dylib in Frameworks */,
				24F90AAE279B7557004F2458 /* libopencv_dpm.4.5.4.dylib in Frameworks */,
				24F90AAF279B7557004F2458 /* libopencv_surface_matching.4.5.4.dylib in Frameworks */,
				24F90AB0279B7557004F2458 /* libopencv_gapi.4.5.4.dylib in Frameworks */,
				24F90AB1279B7557004F2458 /* libopencv_img_hash.4.5.4.dylib in Frameworks */,
				24F90AB2279B7557004F2458 /* libopencv_aruco.4.5.4.dylib in Frameworks */,
				24F90AB3279B7557004F2458 /* libopencv_tracking.4.5.4.dylib in Frameworks */,
				24F90AB4279B7557004F2458 /* libopencv_line_descriptor.4.5.4.dylib in Frameworks */,
				24F90AB5279B7557004F2458 /* libopencv_stereo.4.5.4.dylib in Frameworks */,
				24F90AB6279B7557004F2458 /* libopencv_viz.4.5.4.dylib in Frameworks */,
				24F90AB7279B7557004F2458 /* libopencv_dnn.4.5.4.dylib in Frameworks */,
			);
			runOnlyForDeploymentPostprocessing = 0;
		};
/* End PBXFrameworksBuildPhase section */

/* Begin PBXGroup section */
		2448384B2798D4A0002276F5 /* Frameworks */ = {
			isa = PBXGroup;
			children = (
				24C3460A27A49ED8001D85C3 /* liblz4.1.9.3.dylib */,
				24C3460827A49ED8001D85C3 /* liblz4.a */,
				24C3460B27A49ED8001D85C3 /* liblzma.5.dylib */,
				24C3460927A49ED8001D85C3 /* liblzma.a */,
				24C345FD27A497A8001D85C3 /* libzimg.2.dylib */,
				24C345FF27A497A8001D85C3 /* libzimg.a */,
				24C3460127A497A8001D85C3 /* libzmq.5.dylib */,
				24C345FE27A497A8001D85C3 /* libzmq.a */,
				24C345FC27A497A8001D85C3 /* libzstd.1.5.1.dylib */,
				24C3460027A497A8001D85C3 /* libzstd.a */,
				24C345F527A492C5001D85C3 /* libunarr.1.0.0.dylib */,
				24C345F727A493CA001D85C3 /* libunarr.1.0.0.dylib */,
				24C345F327A4880C001D85C3 /* libunarr.a */,
				24F90A74279B7557004F2458 /* libopencv_alphamat.4.5.4.dylib */,
				24F90A7A279B7557004F2458 /* libopencv_aruco.4.5.4.dylib */,
				24F90A4D279B7555004F2458 /* libopencv_barcode.4.5.4.dylib */,
				24F90A64279B7556004F2458 /* libopencv_bgsegm.4.5.4.dylib */,
				24F90A6E279B7556004F2458 /* libopencv_bioinspired.4.5.4.dylib */,
				24F90A49279B7555004F2458 /* libopencv_calib3d.4.5.4.dylib */,
				24F90A57279B7555004F2458 /* libopencv_ccalib.4.5.4.dylib */,
				24F90A63279B7556004F2458 /* libopencv_core.4.5.4.dylib */,
				24F90A6C279B7556004F2458 /* libopencv_datasets.4.5.4.dylib */,
				24F90A56279B7555004F2458 /* libopencv_dnn_objdetect.4.5.4.dylib */,
				24F90A6A279B7556004F2458 /* libopencv_dnn_superres.4.5.4.dylib */,
				24F90A7F279B7557004F2458 /* libopencv_dnn.4.5.4.dylib */,
				24F90A76279B7557004F2458 /* libopencv_dpm.4.5.4.dylib */,
				24F90A70279B7556004F2458 /* libopencv_face.4.5.4.dylib */,
				24F90A62279B7556004F2458 /* libopencv_features2d.4.5.4.dylib */,
				24F90A4E279B7555004F2458 /* libopencv_flann.4.5.4.dylib */,
				24F90A4F279B7555004F2458 /* libopencv_freetype.4.5.4.dylib */,
				24F90A61279B7556004F2458 /* libopencv_fuzzy.4.5.4.dylib */,
				24F90A78279B7557004F2458 /* libopencv_gapi.4.5.4.dylib */,
				24F90A67279B7556004F2458 /* libopencv_hfs.4.5.4.dylib */,
				24F90A54279B7555004F2458 /* libopencv_highgui.4.5.4.dylib */,
				24F90A79279B7557004F2458 /* libopencv_img_hash.4.5.4.dylib */,
				24F90A58279B7555004F2458 /* libopencv_imgcodecs.4.5.4.dylib */,
				24F90A5E279B7556004F2458 /* libopencv_imgproc.4.5.4.dylib */,
				24F90A53279B7555004F2458 /* libopencv_intensity_transform.4.5.4.dylib */,
				24F90A7C279B7557004F2458 /* libopencv_line_descriptor.4.5.4.dylib */,
				24F90A73279B7557004F2458 /* libopencv_mcc.4.5.4.dylib */,
				24F90A75279B7557004F2458 /* libopencv_ml.4.5.4.dylib */,
				24F90A72279B7557004F2458 /* libopencv_objdetect.4.5.4.dylib */,
				24F90A5A279B7556004F2458 /* libopencv_optflow.4.5.4.dylib */,
				24F90A60279B7556004F2458 /* libopencv_phase_unwrapping.4.5.4.dylib */,
				24F90A48279B7555004F2458 /* libopencv_photo.4.5.4.dylib */,
				24F90A65279B7556004F2458 /* libopencv_plot.4.5.4.dylib */,
				24F90A5F279B7556004F2458 /* libopencv_quality.4.5.4.dylib */,
				24F90A50279B7555004F2458 /* libopencv_rapid.4.5.4.dylib */,
				24F90A5D279B7556004F2458 /* libopencv_reg.4.5.4.dylib */,
				24F90A66279B7556004F2458 /* libopencv_rgbd.4.5.4.dylib */,
				24F90A55279B7555004F2458 /* libopencv_saliency.4.5.4.dylib */,
				24F90A51279B7555004F2458 /* libopencv_sfm.4.5.4.dylib */,
				24F90A52279B7555004F2458 /* libopencv_shape.4.5.4.dylib */,
				24F90A7D279B7557004F2458 /* libopencv_stereo.4.5.4.dylib */,
				24F90A69279B7556004F2458 /* libopencv_stitching.4.5.4.dylib */,
				24F90A6B279B7556004F2458 /* libopencv_structured_light.4.5.4.dylib */,
				24F90A6F279B7556004F2458 /* libopencv_superres.4.5.4.dylib */,
				24F90A77279B7557004F2458 /* libopencv_surface_matching.4.5.4.dylib */,
				24F90A71279B7556004F2458 /* libopencv_text.4.5.4.dylib */,
				24F90A7B279B7557004F2458 /* libopencv_tracking.4.5.4.dylib */,
				24F90A4C279B7555004F2458 /* libopencv_video.4.5.4.dylib */,
				24F90A5B279B7556004F2458 /* libopencv_videoio.4.5.4.dylib */,
				24F90A4A279B7555004F2458 /* libopencv_videostab.4.5.4.dylib */,
				24F90A7E279B7557004F2458 /* libopencv_viz.4.5.4.dylib */,
				24F90A6D279B7556004F2458 /* libopencv_wechat_qrcode.4.5.4.dylib */,
				24F90A4B279B7555004F2458 /* libopencv_xfeatures2d.4.5.4.dylib */,
				24F90A5C279B7556004F2458 /* libopencv_ximgproc.4.5.4.dylib */,
				24F90A68279B7556004F2458 /* libopencv_xobjdetect.4.5.4.dylib */,
				24F90A59279B7556004F2458 /* libopencv_xphoto.4.5.4.dylib */,
				2432114C279B6B9D003B4701 /* lib */,
				24F90A0E279B7202004F2458 /* lib */,
				2432114A279B6B72003B4701 /* libopencv_alphamat.4.5.4.dylib */,
				24321146279B66CC003B4701 /* opencv2.framework */,
				24321148279B69CF003B4701 /* opencv2.framework */,
				24321140279B625F003B4701 /* opencv_core331.lib */,
				24321141279B625F003B4701 /* opencv_imgcodecs331.lib */,
				24321142279B625F003B4701 /* opencv_imgproc331.lib */,
				2432113B279B146C003B4701 /* unarrlib.lib */,
				24AC434227995A3300D2D09A /* libunarr.a */,
				24321139279B1449003B4701 /* libunarr.a */,
				2448384C2798D4A1002276F5 /* libsfml-audio.2.5.1.dylib */,
				2448384F2798D4A1002276F5 /* libsfml-graphics.2.5.1.dylib */,
				2448384D2798D4A1002276F5 /* libsfml-network.2.5.1.dylib */,
				2448384E2798D4A1002276F5 /* libsfml-system.2.5.1.dylib */,
				244838502798D4A1002276F5 /* libsfml-window.2.5.1.dylib */,
			);
			name = Frameworks;
			sourceTree = "<group>";
		};
		24FD8390274CFA5F00212AE7 = {
			isa = PBXGroup;
			children = (
				246904DB27AF2D50002D0C83 /* Resources */,
				2432113D279B3FB2003B4701 /* archivereader.cpp */,
				2432113E279B3FB2003B4701 /* archivereader.hpp */,
				24C4B80E2799158D0057FE8A /* display.cpp */,
				24C4B80F2799158D0057FE8A /* display.hpp */,
				24FD839C274CFA5F00212AE7 /* ComicBookReader */,
				24FD839B274CFA5F00212AE7 /* Products */,
				2448384B2798D4A0002276F5 /* Frameworks */,
			);
			sourceTree = "<group>";
		};
		24FD839B274CFA5F00212AE7 /* Products */ = {
			isa = PBXGroup;
			children = (
				24FD839A274CFA5F00212AE7 /* ComicBookReader.app */,
			);
			name = Products;
			sourceTree = "<group>";
		};
		24FD839C274CFA5F00212AE7 /* ComicBookReader */ = {
			isa = PBXGroup;
			children = (
				24FD839F274CFA5F00212AE7 /* ResourcePath.mm */,
				24FD83A1274CFA5F00212AE7 /* ResourcePath.hpp */,
				24FD83A2274CFA5F00212AE7 /* main.cpp */,
				24BF103327A55F3600B7F13D /* window.cpp */,
				24BF103427A55F3600B7F13D /* window.hpp */,
			);
			path = ComicBookReader;
			sourceTree = "<group>";
		};
/* End PBXGroup section */

/* Begin PBXNativeTarget section */
		24FD8399274CFA5F00212AE7 /* ComicBookReader */ = {
			isa = PBXNativeTarget;
			buildConfigurationList = 24FD83AF274CFA5F00212AE7 /* Build configuration list for PBXNativeTarget "ComicBookReader" */;
			buildPhases = (
				24FD8395274CFA5F00212AE7 /* Sources */,
				24FD8396274CFA5F00212AE7 /* Frameworks */,
				24FD8397274CFA5F00212AE7 /* Resources */,
				24FD8398274CFA5F00212AE7 /* ShellScript */,
			);
			buildRules = (
			);
			dependencies = (
			);
			name = ComicBookReader;
			productName = ComicBookReader;
			productReference = 24FD839A274CFA5F00212AE7 /* ComicBookReader.app */;
			productType = "com.apple.product-type.application";
		};
/* End PBXNativeTarget section */

/* Begin PBXProject section */
		24FD8391274CFA5F00212AE7 /* Project object */ = {
			isa = PBXProject;
			attributes = {
				BuildIndependentTargetsInParallel = 1;
				LastUpgradeCheck = 1320;
				ORGANIZATIONNAME = "Youssef Ben Cheikh";
				TargetAttributes = {
					24FD8399274CFA5F00212AE7 = {
						CreatedOnToolsVersion = 13.1;
					};
				};
			};
			buildConfigurationList = 24FD8394274CFA5F00212AE7 /* Build configuration list for PBXProject "ComicBookReader" */;
			compatibilityVersion = "Xcode 13.0";
			developmentRegion = en;
			hasScannedForEncodings = 0;
			knownRegions = (
				en,
				Base,
			);
			mainGroup = 24FD8390274CFA5F00212AE7;
			productRefGroup = 24FD839B274CFA5F00212AE7 /* Products */;
			projectDirPath = "";
			projectRoot = "";
			targets = (
				24FD8399274CFA5F00212AE7 /* ComicBookReader */,
			);
		};
/* End PBXProject section */

/* Begin PBXResourcesBuildPhase section */
		24FD8397274CFA5F00212AE7 /* Resources */ = {
			isa = PBXResourcesBuildPhase;
			buildActionMask = 2147483647;
			files = (
			);
			runOnlyForDeploymentPostprocessing = 0;
		};
/* End PBXResourcesBuildPhase section */

/* Begin PBXShellScriptBuildPhase section */
		24FD8398274CFA5F00212AE7 /* ShellScript */ = {
			isa = PBXShellScriptBuildPhase;
			buildActionMask = 8;
			files = (
			);
			inputFileListPaths = (
			);
			inputPaths = (
			);
			outputFileListPaths = (
			);
			outputPaths = (
			);
			runOnlyForDeploymentPostprocessing = 1;
			shellPath = /bin/sh;
			shellScript = "# This shell script simply copies required SFML dylibs/frameworks into the application bundle frameworks folder.\n# If you're using static libraries (which is not recommended) you should remove this script from your project.\n\n# SETTINGS\nSFML_DEPENDENCIES_INSTALL_PREFIX=\"/Users/SFML/Desktop/packaging/tmp/install/Library/Frameworks\"\nCMAKE_INSTALL_FRAMEWORK_PREFIX=\"/Users/SFML/Desktop/packaging/tmp/install/Library/Frameworks\"\nCMAKE_INSTALL_LIB_PREFIX=\"/Users/SFML/Desktop/packaging/tmp/install/Library/Frameworks/lib\"\nFRAMEWORKS_FULL_PATH=\"$BUILT_PRODUCTS_DIR/$FRAMEWORKS_FOLDER_PATH/\"\n\n# Are we building a project that uses frameworks or dylibs?\ncase \"$SFML_BINARY_TYPE\" in\n    DYLIBS)\n        frameworks=\"false\"\n        ;;\n    *)\n        frameworks=\"true\"\n        ;;\nesac\n\n# Echoes to stderr\nerror () # $* message to display\n{\n    echo $* 1>&2\n    exit 2\n}\n\nassert () # $1 is a boolean, $2...N is an error message\n{\n    if [ $# -lt 2 ]\n    then\n        error \"Internal error in assert: not enough args\"\n    fi\n\n    if [ $1 -ne 0 ]\n    then\n        shift\n        error \"$*\"\n    fi\n}\n\nforce_remove () # $@ is some paths\n{\n    test $# -ge 1\n    assert $? \"force_remove() requires at least one parameter\"\n    rm -fr $@\n    assert $? \"couldn't remove $@\"\n}\n\ncopy () # $1 is a source, $2 is a destination\n{\n    test $# -eq 2\n    assert $? \"copy() requires two parameters\"\n    ditto \"$1\" \"$2\"\n    assert $? \"couldn't copy $1 to $2\"\n}\n\nrequire () # $1 is a SFML module like 'system' or 'audio'\n{\n    dest=\"$BUILT_PRODUCTS_DIR/$FRAMEWORKS_FOLDER_PATH/\"\n\n    if [ -z \"$1\" ]\n    then\n        error \"require() requires one parameter!\"\n    else\n        # clean potentially old stuff\n        force_remove \"$dest/libsfml-$1\"*\n        force_remove \"$dest/sfml-$1.framework\"\n\n        # copy SFML libraries\n        if [ \"$frameworks\" = \"true\" ]\n        then\n            source=\"$CMAKE_INSTALL_FRAMEWORK_PREFIX/sfml-$1.framework\"\n            target=\"sfml-$1.framework\"\n        elif [ \"$SFML_LINK_DYLIBS_SUFFIX\" = \"-d\" ]\n        then\n            source=\"$CMAKE_INSTALL_LIB_PREFIX/libsfml-$1-d.dylib\"\n            target=\"`readlink $source`\"\n        else\n            source=\"$CMAKE_INSTALL_LIB_PREFIX/libsfml-$1.dylib\"\n            target=\"`readlink $source`\"\n        fi\n\n        copy \"$source\" \"$dest/$target\"\n\n        # copy extra dependencies\n        if [ \"$1\" = \"audio\" ]\n        then\n            # copy \"FLAC\" \"ogg\" \"vorbis\" \"vorbisenc\" \"vorbisfile\" \"OpenAL\" frameworks too\n            for f in \"FLAC\" \"ogg\" \"vorbis\" \"vorbisenc\" \"vorbisfile\" \"OpenAL\"\n            do\n                copy \"$SFML_DEPENDENCIES_INSTALL_PREFIX/$f.framework\" \"$dest/$f.framework\"\n            done\n        elif [ \"$1\" = \"graphics\" ]\n        then\n            copy \"$SFML_DEPENDENCIES_INSTALL_PREFIX/freetype.framework\" \"$dest/freetype.framework\"\n        fi\n    fi\n}\n\nif [ -n \"$SFML_SYSTEM\" ]\nthen\n    require \"system\"\nfi\n\nif [ -n \"$SFML_AUDIO\" ]\nthen\n    require \"audio\"\nfi\n\nif [ -n \"$SFML_NETWORK\" ]\nthen\n    require \"network\"\nfi\n\nif [ -n \"$SFML_WINDOW\" ]\nthen\n    require \"window\"\nfi\n\nif [ -n \"$SFML_GRAPHICS\" ]\nthen\n    require \"graphics\"\nfi\n\n                \n";
		};
/* End PBXShellScriptBuildPhase section */

/* Begin PBXSourcesBuildPhase section */
		24FD8395274CFA5F00212AE7 /* Sources */ = {
			isa = PBXSourcesBuildPhase;
			buildActionMask = 2147483647;
			files = (
				244838562798E996002276F5 /* main.cpp in Sources */,
				24FD83A0274CFA5F00212AE7 /* ResourcePath.mm in Sources */,
				24BF103527A55F3600B7F13D /* window.cpp in Sources */,
				24C4B8102799158D0057FE8A /* display.cpp in Sources */,
				2432113F279B3FB2003B4701 /* archivereader.cpp in Sources */,
			);
			runOnlyForDeploymentPostprocessing = 0;
		};
/* End PBXSourcesBuildPhase section */

/* Begin XCBuildConfiguration section */
		24FD83AD274CFA5F00212AE7 /* Debug */ = {
			isa = XCBuildConfiguration;
			buildSettings = {
				CLANG_CXX_LANGUAGE_STANDARD = "c++11";
				CLANG_CXX_LIBRARY = "libc++";
				CLANG_WARN_BLOCK_CAPTURE_AUTORELEASING = YES;
				CLANG_WARN_BOOL_CONVERSION = YES;
				CLANG_WARN_COMMA = YES;
				CLANG_WARN_CONSTANT_CONVERSION = YES;
				CLANG_WARN_DEPRECATED_OBJC_IMPLEMENTATIONS = YES;
				CLANG_WARN_EMPTY_BODY = YES;
				CLANG_WARN_ENUM_CONVERSION = YES;
				CLANG_WARN_INFINITE_RECURSION = YES;
				CLANG_WARN_INT_CONVERSION = YES;
				CLANG_WARN_NON_LITERAL_NULL_CONVERSION = YES;
				CLANG_WARN_OBJC_IMPLICIT_RETAIN_SELF = YES;
				CLANG_WARN_OBJC_LITERAL_CONVERSION = YES;
				CLANG_WARN_QUOTED_INCLUDE_IN_FRAMEWORK_HEADER = YES;
				CLANG_WARN_RANGE_LOOP_ANALYSIS = YES;
				CLANG_WARN_STRICT_PROTOTYPES = YES;
				CLANG_WARN_SUSPICIOUS_MOVE = YES;
				CLANG_WARN_UNREACHABLE_CODE = YES;
				CLANG_WARN__DUPLICATE_METHOD_MATCH = YES;
				ENABLE_STRICT_OBJC_MSGSEND = YES;
				ENABLE_TESTABILITY = YES;
				FRAMEWORK_SEARCH_PATHS = (
					/Library/Frameworks/,
					"$(inherited)",
				);
				GCC_NO_COMMON_BLOCKS = YES;
				GCC_VERSION = com.apple.compilers.llvm.clang.1_0;
				GCC_WARN_64_TO_32_BIT_CONVERSION = YES;
				GCC_WARN_ABOUT_RETURN_TYPE = YES;
				GCC_WARN_UNDECLARED_SELECTOR = YES;
				GCC_WARN_UNINITIALIZED_AUTOS = YES;
				GCC_WARN_UNUSED_FUNCTION = YES;
				GCC_WARN_UNUSED_VARIABLE = YES;
				HEADER_SEARCH_PATHS = (
					/usr/local/include/,
					"$(inherited)",
					"${SRCROOT}/ExternalLibrairies/SFML/include",
				);
				LIBRARY_SEARCH_PATHS = (
					/usr/local/lib/,
					"$(inherited)",
				);
				MACOSX_DEPLOYMENT_TARGET = 10.7;
				ONLY_ACTIVE_ARCH = YES;
				OTHER_LDFLAGS = (
					"$(inherited)",
					"$(SFML_SYSTEM)",
					"$(SFML_WINDOW)",
					"$(SFML_GRAPHICS)",
					"$(SFML_AUDIO)",
					"$(SFML_NETWORK)",
				);
				SFML_AUDIO = "$(SFML_LINK_PREFIX) sfml-audio$(SFML_LINK_SUFFIX)";
				SFML_BINARY_TYPE = FRAMEWORKS;
				SFML_GRAPHICS = "$(SFML_LINK_PREFIX) sfml-graphics$(SFML_LINK_SUFFIX)";
				SFML_LINK_DYLIBS_PREFIX = "-l";
				SFML_LINK_DYLIBS_SUFFIX = "";
				SFML_LINK_FRAMEWORKS_PREFIX = "-framework";
				SFML_LINK_FRAMEWORKS_SUFFIX = "";
				SFML_LINK_PREFIX = "$(SFML_LINK_$(SFML_BINARY_TYPE)_PREFIX)";
				SFML_LINK_SUFFIX = "$(SFML_LINK_$(SFML_BINARY_TYPE)_SUFFIX)";
				SFML_NETWORK = "$(SFML_LINK_PREFIX) sfml-network$(SFML_LINK_SUFFIX)";
				SFML_SYSTEM = "$(SFML_LINK_PREFIX) sfml-system$(SFML_LINK_SUFFIX)";
				SFML_WINDOW = "$(SFML_LINK_PREFIX) sfml-window$(SFML_LINK_SUFFIX)";
				SUPPORTED_PLATFORMS = macosx;
			};
			name = Debug;
		};
		24FD83AE274CFA5F00212AE7 /* Release */ = {
			isa = XCBuildConfiguration;
			buildSettings = {
				CLANG_CXX_LANGUAGE_STANDARD = "c++11";
				CLANG_CXX_LIBRARY = "libc++";
				CLANG_WARN_BLOCK_CAPTURE_AUTORELEASING = YES;
				CLANG_WARN_BOOL_CONVERSION = YES;
				CLANG_WARN_COMMA = YES;
				CLANG_WARN_CONSTANT_CONVERSION = YES;
				CLANG_WARN_DEPRECATED_OBJC_IMPLEMENTATIONS = YES;
				CLANG_WARN_EMPTY_BODY = YES;
				CLANG_WARN_ENUM_CONVERSION = YES;
				CLANG_WARN_INFINITE_RECURSION = YES;
				CLANG_WARN_INT_CONVERSION = YES;
				CLANG_WARN_NON_LITERAL_NULL_CONVERSION = YES;
				CLANG_WARN_OBJC_IMPLICIT_RETAIN_SELF = YES;
				CLANG_WARN_OBJC_LITERAL_CONVERSION = YES;
				CLANG_WARN_QUOTED_INCLUDE_IN_FRAMEWORK_HEADER = YES;
				CLANG_WARN_RANGE_LOOP_ANALYSIS = YES;
				CLANG_WARN_STRICT_PROTOTYPES = YES;
				CLANG_WARN_SUSPICIOUS_MOVE = YES;
				CLANG_WARN_UNREACHABLE_CODE = YES;
				CLANG_WARN__DUPLICATE_METHOD_MATCH = YES;
				ENABLE_STRICT_OBJC_MSGSEND = YES;
				FRAMEWORK_SEARCH_PATHS = (
					/Library/Frameworks/,
					"$(inherited)",
				);
				GCC_NO_COMMON_BLOCKS = YES;
				GCC_VERSION = com.apple.compilers.llvm.clang.1_0;
				GCC_WARN_64_TO_32_BIT_CONVERSION = YES;
				GCC_WARN_ABOUT_RETURN_TYPE = YES;
				GCC_WARN_UNDECLARED_SELECTOR = YES;
				GCC_WARN_UNINITIALIZED_AUTOS = YES;
				GCC_WARN_UNUSED_FUNCTION = YES;
				GCC_WARN_UNUSED_VARIABLE = YES;
				HEADER_SEARCH_PATHS = (
					/usr/local/include/,
					"$(inherited)",
					"${SRCROOT}/ExternalLibrairies/SFML/include",
				);
				LIBRARY_SEARCH_PATHS = (
					/usr/local/lib/,
					"$(inherited)",
				);
				MACOSX_DEPLOYMENT_TARGET = 10.7;
				OTHER_LDFLAGS = (
					"$(inherited)",
					"$(SFML_SYSTEM)",
					"$(SFML_WINDOW)",
					"$(SFML_GRAPHICS)",
					"$(SFML_AUDIO)",
					"$(SFML_NETWORK)",
				);
				SFML_AUDIO = "$(SFML_LINK_PREFIX) sfml-audio$(SFML_LINK_SUFFIX)";
				SFML_BINARY_TYPE = FRAMEWORKS;
				SFML_GRAPHICS = "$(SFML_LINK_PREFIX) sfml-graphics$(SFML_LINK_SUFFIX)";
				SFML_LINK_DYLIBS_PREFIX = "-l";
				SFML_LINK_DYLIBS_SUFFIX = "";
				SFML_LINK_FRAMEWORKS_PREFIX = "-framework";
				SFML_LINK_FRAMEWORKS_SUFFIX = "";
				SFML_LINK_PREFIX = "$(SFML_LINK_$(SFML_BINARY_TYPE)_PREFIX)";
				SFML_LINK_SUFFIX = "$(SFML_LINK_$(SFML_BINARY_TYPE)_SUFFIX)";
				SFML_NETWORK = "$(SFML_LINK_PREFIX) sfml-network$(SFML_LINK_SUFFIX)";
				SFML_SYSTEM = "$(SFML_LINK_PREFIX) sfml-system$(SFML_LINK_SUFFIX)";
				SFML_WINDOW = "$(SFML_LINK_PREFIX) sfml-window$(SFML_LINK_SUFFIX)";
				SUPPORTED_PLATFORMS = macosx;
			};
			name = Release;
		};
		24FD83B0274CFA5F00212AE7 /* Debug */ = {
			isa = XCBuildConfiguration;
			buildSettings = {
				CLANG_ENABLE_OBJC_WEAK = YES;
				CODE_SIGN_IDENTITY = "-";
				CODE_SIGN_STYLE = Automatic;
				FRAMEWORK_SEARCH_PATHS = (
					"$(inherited)",
					"$(PROJECT_DIR)/opencv",
					"$(PROJECT_DIR)/opencv/lib",
				);
				HEADER_SEARCH_PATHS = (
					/usr/local/include/,
					"$(inherited)",
					"$(SRCROOT)/ExternalLibrairies/SFML/include",
					"$(SRCROOT)/opencv",
				);
				INFOPLIST_FILE = "ComicBookReader/ComicBookReader-Info.plist";
				LD_RUNPATH_SEARCH_PATHS = "@loader_path/../Frameworks";
				LIBRARY_SEARCH_PATHS = (
					"<Multiple",
					"values>",
					"${SRCROOT}/opencv",
					"$(PROJECT_DIR)/opencv/lib",
					/usr/local/Cellar/opencv/4.5.4_3/lib,
					"$(PROJECT_DIR)/ExternalLibraries/opencv/lib",
					"${SRCROOT}/unarrlib",
					"$(PROJECT_DIR)/ExternalLibraries/SFML/lib",
					/usr/local/lib/,
					/usr/local/Cellar/zstd/1.5.1/lib,
					/usr/local/Cellar/zimg/3.0.3/lib,
					/usr/local/Cellar/zeromq/4.3.4/lib,
					/usr/local/Cellar/lz4/1.9.3/lib,
					/usr/local/Cellar/xz/5.2.5/lib,
				);
				MACOSX_DEPLOYMENT_TARGET = 10.15;
				PRODUCT_BUNDLE_IDENTIFIER = "c.${PRODUCT_NAME:rfc1034identifier}";
				PRODUCT_NAME = "$(TARGET_NAME)";
			};
			name = Debug;
		};
		24FD83B1274CFA5F00212AE7 /* Release */ = {
			isa = XCBuildConfiguration;
			buildSettings = {
				CLANG_ENABLE_OBJC_WEAK = YES;
				CODE_SIGN_IDENTITY = "-";
				CODE_SIGN_STYLE = Automatic;
				FRAMEWORK_SEARCH_PATHS = (
					"$(inherited)",
					"$(PROJECT_DIR)/opencv",
					"$(PROJECT_DIR)/opencv/lib",
				);
				HEADER_SEARCH_PATHS = (
					/usr/local/include/,
					"$(inherited)",
					"$(SRCROOT)/ExternalLibrairies/SFML/include",
					"$(SRCROOT)/opencv",
				);
				INFOPLIST_FILE = "ComicBookReader/ComicBookReader-Info.plist";
				LD_RUNPATH_SEARCH_PATHS = "@loader_path/../Frameworks";
				LIBRARY_SEARCH_PATHS = (
					"<Multiple",
					"values>",
					"${SRCROOT}/opencv",
					"$(PROJECT_DIR)/opencv/lib",
					/usr/local/Cellar/opencv/4.5.4_3/lib,
					"$(PROJECT_DIR)/ExternalLibraries/opencv/lib",
					/usr/local/Cellar/zstd/1.5.1/lib,
					/usr/local/Cellar/zimg/3.0.3/lib,
					/usr/local/Cellar/zeromq/4.3.4/lib,
					/usr/local/Cellar/lz4/1.9.3/lib,
					/usr/local/Cellar/xz/5.2.5/lib,
				);
				"LIBRARY_SEARCH_PATHS[arch=*]" = (
					"$(inherited)",
					"$(PROJECT_DIR)/ExternalLibraries/SFML/lib",
					"$(PROJECT_DIR)/3dparts/lib/unarrlib",
				);
				MACOSX_DEPLOYMENT_TARGET = 10.15;
				PRODUCT_BUNDLE_IDENTIFIER = "c.${PRODUCT_NAME:rfc1034identifier}";
				PRODUCT_NAME = "$(TARGET_NAME)";
			};
			name = Release;
		};
/* End XCBuildConfiguration section */

/* Begin XCConfigurationList section */
		24FD8394274CFA5F00212AE7 /* Build configuration list for PBXProject "ComicBookReader" */ = {
			isa = XCConfigurationList;
			buildConfigurations = (
				24FD83AD274CFA5F00212AE7 /* Debug */,
				24FD83AE274CFA5F00212AE7 /* Release */,
			);
			defaultConfigurationIsVisible = 0;
			defaultConfigurationName = Release;
		};
		24FD83AF274CFA5F00212AE7 /* Build configuration list for PBXNativeTarget "ComicBookReader" */ = {
			isa = XCConfigurationList;
			buildConfigurations = (
				24FD83B0274CFA5F00212AE7 /* Debug */,
				24FD83B1274CFA5F00212AE7 /* Release */,
			);
			defaultConfigurationIsVisible = 0;
			defaultConfigurationName = Release;
		};
/* End XCConfigurationList section */
	};
	rootObject = 24FD8391274CFA5F00212AE7 /* Project object */;
}
